
Microsoft Visual Studio Solution File, Format Version 12.00
# Visual Studio Version 17
VisualStudioVersion = 17.2.32616.157
MinimumVisualStudioVersion = 10.0.40219.1
Project("{FAE04EC0-301F-11D3-BF4B-00C04F79EFBC}") = "PantoneColors_NoA", "PantoneColors_NoA\PantoneColors_NoA.csproj", "{D4000D6D-5917-442C-AC05-0FBBDA09F1B1}"
EndProject
Global
	GlobalSection(SolutionConfigurationPlatforms) = preSolution
		Debug|Any CPU = Debug|Any CPU
		Release|Any CPU = Release|Any CPU
	EndGlobalSection
	GlobalSection(ProjectConfigurationPlatforms) = postSolution
		{D4000D6D-5917-442C-AC05-0FBBDA09F1B1}.Debug|Any CPU.ActiveCfg = Debug|Any CPU
		{D4000D6D-5917-442C-AC05-0FBBDA09F1B1}.Debug|Any CPU.Build.0 = Debug|Any CPU
		{D4000D6D-5917-442C-AC05-0FBBDA09F1B1}.Release|Any CPU.ActiveCfg = Release|Any CPU
		{D4000D6D-5917-442C-AC05-0FBBDA09F1B1}.Release|Any CPU.Build.0 = Release|Any CPU
	EndGlobalSection
	GlobalSection(SolutionProperties) = preSolution
		HideSolutionNode = FALSE
	EndGlobalSection
	GlobalSection(ExtensibilityGlobals) = postSolution
		SolutionGuid = {4336F998-CBF3-40DF-8746-91E8127331FE}
	EndGlobalSection
EndGlobal
